
Microsoft Visual Studio Solution File, Format Version 12.00
# Visual Studio 14
VisualStudioVersion = 14.0.25123.0
MinimumVisualStudioVersion = 10.0.40219.1
Project("{FAE04EC0-301F-11D3-BF4B-00C04F79EFBC}") = "ForecastApplication.Droid", "ForecastApplication\ForecastApplication.Droid\ForecastApplication.Droid.csproj", "{9D16D5E7-4620-4970-95F0-97F957D37898}"
EndProject
Project("{FAE04EC0-301F-11D3-BF4B-00C04F79EFBC}") = "ForecastApplication.iOS", "ForecastApplication\ForecastApplication.iOS\ForecastApplication.iOS.csproj", "{66FAA58C-C627-48B9-9B8E-337F931A1B5B}"
EndProject
Project("{FAE04EC0-301F-11D3-BF4B-00C04F79EFBC}") = "ForecastApplication.WinPhone", "ForecastApplication\ForecastApplication.WinPhone\ForecastApplication.WinPhone.csproj", "{9732E08E-BCD5-4CB4-B0F0-9F9880F8401A}"
EndProject
Project("{FAE04EC0-301F-11D3-BF4B-00C04F79EFBC}") = "ForecastApplication.Windows", "ForecastApplication\ForecastApplication.Windows\ForecastApplication.Windows.csproj", "{E5EB3060-383B-40CF-A2D3-0D0F54BDEE15}"
EndProject
Project("{FAE04EC0-301F-11D3-BF4B-00C04F79EFBC}") = "ForecastApplication", "ForecastApplication\ForecastApplication\ForecastApplication.csproj", "{A46EF259-0D01-423E-BEF2-3D7DCC3BD0AF}"
EndProject
Project("{FAE04EC0-301F-11D3-BF4B-00C04F79EFBC}") = "ForecastApplication.Domain", "ForecastApplication.Domain\ForecastApplication.Domain.csproj", "{E50719A4-A95B-4D7A-9715-7E84FF63E394}"
EndProject
Global
	GlobalSection(SolutionConfigurationPlatforms) = preSolution
		Ad-Hoc|Any CPU = Ad-Hoc|Any CPU
		Ad-Hoc|ARM = Ad-Hoc|ARM
		Ad-Hoc|iPhone = Ad-Hoc|iPhone
		Ad-Hoc|iPhoneSimulator = Ad-Hoc|iPhoneSimulator
		Ad-Hoc|x64 = Ad-Hoc|x64
		Ad-Hoc|x86 = Ad-Hoc|x86
		AppStore|Any CPU = AppStore|Any CPU
		AppStore|ARM = AppStore|ARM
		AppStore|iPhone = AppStore|iPhone
		AppStore|iPhoneSimulator = AppStore|iPhoneSimulator
		AppStore|x64 = AppStore|x64
		AppStore|x86 = AppStore|x86
		Debug|Any CPU = Debug|Any CPU
		Debug|ARM = Debug|ARM
		Debug|iPhone = Debug|iPhone
		Debug|iPhoneSimulator = Debug|iPhoneSimulator
		Debug|x64 = Debug|x64
		Debug|x86 = Debug|x86
		Release|Any CPU = Release|Any CPU
		Release|ARM = Release|ARM
		Release|iPhone = Release|iPhone
		Release|iPhoneSimulator = Release|iPhoneSimulator
		Release|x64 = Release|x64
		Release|x86 = Release|x86
	EndGlobalSection
	GlobalSection(ProjectConfigurationPlatforms) = postSolution
		{9D16D5E7-4620-4970-95F0-97F957D37898}.Ad-Hoc|Any CPU.ActiveCfg = Release|Any CPU
		{9D16D5E7-4620-4970-95F0-97F957D37898}.Ad-Hoc|Any CPU.Build.0 = Release|Any CPU
		{9D16D5E7-4620-4970-95F0-97F957D37898}.Ad-Hoc|Any CPU.Deploy.0 = Release|Any CPU
		{9D16D5E7-4620-4970-95F0-97F957D37898}.Ad-Hoc|ARM.ActiveCfg = Release|Any CPU
		{9D16D5E7-4620-4970-95F0-97F957D37898}.Ad-Hoc|ARM.Build.0 = Release|Any CPU
		{9D16D5E7-4620-4970-95F0-97F957D37898}.Ad-Hoc|ARM.Deploy.0 = Release|Any CPU
		{9D16D5E7-4620-4970-95F0-97F957D37898}.Ad-Hoc|iPhone.ActiveCfg = Release|Any CPU
		{9D16D5E7-4620-4970-95F0-97F957D37898}.Ad-Hoc|iPhone.Build.0 = Release|Any CPU
		{9D16D5E7-4620-4970-95F0-97F957D37898}.Ad-Hoc|iPhone.Deploy.0 = Release|Any CPU
		{9D16D5E7-4620-4970-95F0-97F957D37898}.Ad-Hoc|iPhoneSimulator.ActiveCfg = Release|Any CPU
		{9D16D5E7-4620-4970-95F0-97F957D37898}.Ad-Hoc|iPhoneSimulator.Build.0 = Release|Any CPU
		{9D16D5E7-4620-4970-95F0-97F957D37898}.Ad-Hoc|iPhoneSimulator.Deploy.0 = Release|Any CPU
		{9D16D5E7-4620-4970-95F0-97F957D37898}.Ad-Hoc|x64.ActiveCfg = Release|Any CPU
		{9D16D5E7-4620-4970-95F0-97F957D37898}.Ad-Hoc|x64.Build.0 = Release|Any CPU
		{9D16D5E7-4620-4970-95F0-97F957D37898}.Ad-Hoc|x64.Deploy.0 = Release|Any CPU
		{9D16D5E7-4620-4970-95F0-97F957D37898}.Ad-Hoc|x86.ActiveCfg = Release|Any CPU
		{9D16D5E7-4620-4970-95F0-97F957D37898}.Ad-Hoc|x86.Build.0 = Release|Any CPU
		{9D16D5E7-4620-4970-95F0-97F957D37898}.Ad-Hoc|x86.Deploy.0 = Release|Any CPU
		{9D16D5E7-4620-4970-95F0-97F957D37898}.AppStore|Any CPU.ActiveCfg = Release|Any CPU
		{9D16D5E7-4620-4970-95F0-97F957D37898}.AppStore|Any CPU.Build.0 = Release|Any CPU
		{9D16D5E7-4620-4970-95F0-97F957D37898}.AppStore|Any CPU.Deploy.0 = Release|Any CPU
		{9D16D5E7-4620-4970-95F0-97F957D37898}.AppStore|ARM.ActiveCfg = Release|Any CPU
		{9D16D5E7-4620-4970-95F0-97F957D37898}.AppStore|ARM.Build.0 = Release|Any CPU
		{9D16D5E7-4620-4970-95F0-97F957D37898}.AppStore|ARM.Deploy.0 = Release|Any CPU
		{9D16D5E7-4620-4970-95F0-97F957D37898}.AppStore|iPhone.ActiveCfg = Release|Any CPU
		{9D16D5E7-4620-4970-95F0-97F957D37898}.AppStore|iPhone.Build.0 = Release|Any CPU
		{9D16D5E7-4620-4970-95F0-97F957D37898}.AppStore|iPhone.Deploy.0 = Release|Any CPU
		{9D16D5E7-4620-4970-95F0-97F957D37898}.AppStore|iPhoneSimulator.ActiveCfg = Release|Any CPU
		{9D16D5E7-4620-4970-95F0-97F957D37898}.AppStore|iPhoneSimulator.Build.0 = Release|Any CPU
		{9D16D5E7-4620-4970-95F0-97F957D37898}.AppStore|iPhoneSimulator.Deploy.0 = Release|Any CPU
		{9D16D5E7-4620-4970-95F0-97F957D37898}.AppStore|x64.ActiveCfg = Release|Any CPU
		{9D16D5E7-4620-4970-95F0-97F957D37898}.AppStore|x64.Build.0 = Release|Any CPU
		{9D16D5E7-4620-4970-95F0-97F957D37898}.AppStore|x64.Deploy.0 = Release|Any CPU
		{9D16D5E7-4620-4970-95F0-97F957D37898}.AppStore|x86.ActiveCfg = Release|Any CPU
		{9D16D5E7-4620-4970-95F0-97F957D37898}.AppStore|x86.Build.0 = Release|Any CPU
		{9D16D5E7-4620-4970-95F0-97F957D37898}.AppStore|x86.Deploy.0 = Release|Any CPU
		{9D16D5E7-4620-4970-95F0-97F957D37898}.Debug|Any CPU.ActiveCfg = Debug|Any CPU
		{9D16D5E7-4620-4970-95F0-97F957D37898}.Debug|Any CPU.Build.0 = Debug|Any CPU
		{9D16D5E7-4620-4970-95F0-97F957D37898}.Debug|Any CPU.Deploy.0 = Debug|Any CPU
		{9D16D5E7-4620-4970-95F0-97F957D37898}.Debug|ARM.ActiveCfg = Debug|Any CPU
		{9D16D5E7-4620-4970-95F0-97F957D37898}.Debug|ARM.Build.0 = Debug|Any CPU
		{9D16D5E7-4620-4970-95F0-97F957D37898}.Debug|ARM.Deploy.0 = Debug|Any CPU
		{9D16D5E7-4620-4970-95F0-97F957D37898}.Debug|iPhone.ActiveCfg = Debug|Any CPU
		{9D16D5E7-4620-4970-95F0-97F957D37898}.Debug|iPhone.Build.0 = Debug|Any CPU
		{9D16D5E7-4620-4970-95F0-97F957D37898}.Debug|iPhone.Deploy.0 = Debug|Any CPU
		{9D16D5E7-4620-4970-95F0-97F957D37898}.Debug|iPhoneSimulator.ActiveCfg = Debug|Any CPU
		{9D16D5E7-4620-4970-95F0-97F957D37898}.Debug|iPhoneSimulator.Build.0 = Debug|Any CPU
		{9D16D5E7-4620-4970-95F0-97F957D37898}.Debug|iPhoneSimulator.Deploy.0 = Debug|Any CPU
		{9D16D5E7-4620-4970-95F0-97F957D37898}.Debug|x64.ActiveCfg = Debug|Any CPU
		{9D16D5E7-4620-4970-95F0-97F957D37898}.Debug|x64.Build.0 = Debug|Any CPU
		{9D16D5E7-4620-4970-95F0-97F957D37898}.Debug|x64.Deploy.0 = Debug|Any CPU
		{9D16D5E7-4620-4970-95F0-97F957D37898}.Debug|x86.ActiveCfg = Debug|Any CPU
		{9D16D5E7-4620-4970-95F0-97F957D37898}.Debug|x86.Build.0 = Debug|Any CPU
		{9D16D5E7-4620-4970-95F0-97F957D37898}.Debug|x86.Deploy.0 = Debug|Any CPU
		{9D16D5E7-4620-4970-95F0-97F957D37898}.Release|Any CPU.ActiveCfg = Release|Any CPU
		{9D16D5E7-4620-4970-95F0-97F957D37898}.Release|Any CPU.Build.0 = Release|Any CPU
		{9D16D5E7-4620-4970-95F0-97F957D37898}.Release|Any CPU.Deploy.0 = Release|Any CPU
		{9D16D5E7-4620-4970-95F0-97F957D37898}.Release|ARM.ActiveCfg = Release|Any CPU
		{9D16D5E7-4620-4970-95F0-97F957D37898}.Release|ARM.Build.0 = Release|Any CPU
		{9D16D5E7-4620-4970-95F0-97F957D37898}.Release|ARM.Deploy.0 = Release|Any CPU
		{9D16D5E7-4620-4970-95F0-97F957D37898}.Release|iPhone.ActiveCfg = Release|Any CPU
		{9D16D5E7-4620-4970-95F0-97F957D37898}.Release|iPhone.Build.0 = Release|Any CPU
		{9D16D5E7-4620-4970-95F0-97F957D37898}.Release|iPhone.Deploy.0 = Release|Any CPU
		{9D16D5E7-4620-4970-95F0-97F957D37898}.Release|iPhoneSimulator.ActiveCfg = Release|Any CPU
		{9D16D5E7-4620-4970-95F0-97F957D37898}.Release|iPhoneSimulator.Build.0 = Release|Any CPU
		{9D16D5E7-4620-4970-95F0-97F957D37898}.Release|iPhoneSimulator.Deploy.0 = Release|Any CPU
		{9D16D5E7-4620-4970-95F0-97F957D37898}.Release|x64.ActiveCfg = Release|Any CPU
		{9D16D5E7-4620-4970-95F0-97F957D37898}.Release|x64.Build.0 = Release|Any CPU
		{9D16D5E7-4620-4970-95F0-97F957D37898}.Release|x64.Deploy.0 = Release|Any CPU
		{9D16D5E7-4620-4970-95F0-97F957D37898}.Release|x86.ActiveCfg = Release|Any CPU
		{9D16D5E7-4620-4970-95F0-97F957D37898}.Release|x86.Build.0 = Release|Any CPU
		{9D16D5E7-4620-4970-95F0-97F957D37898}.Release|x86.Deploy.0 = Release|Any CPU
		{66FAA58C-C627-48B9-9B8E-337F931A1B5B}.Ad-Hoc|Any CPU.ActiveCfg = Ad-Hoc|iPhone
		{66FAA58C-C627-48B9-9B8E-337F931A1B5B}.Ad-Hoc|ARM.ActiveCfg = Ad-Hoc|iPhone
		{66FAA58C-C627-48B9-9B8E-337F931A1B5B}.Ad-Hoc|iPhone.ActiveCfg = Ad-Hoc|iPhone
		{66FAA58C-C627-48B9-9B8E-337F931A1B5B}.Ad-Hoc|iPhone.Build.0 = Ad-Hoc|iPhone
		{66FAA58C-C627-48B9-9B8E-337F931A1B5B}.Ad-Hoc|iPhoneSimulator.ActiveCfg = Ad-Hoc|iPhoneSimulator
		{66FAA58C-C627-48B9-9B8E-337F931A1B5B}.Ad-Hoc|iPhoneSimulator.Build.0 = Ad-Hoc|iPhoneSimulator
		{66FAA58C-C627-48B9-9B8E-337F931A1B5B}.Ad-Hoc|x64.ActiveCfg = Ad-Hoc|iPhone
		{66FAA58C-C627-48B9-9B8E-337F931A1B5B}.Ad-Hoc|x86.ActiveCfg = Ad-Hoc|iPhone
		{66FAA58C-C627-48B9-9B8E-337F931A1B5B}.AppStore|Any CPU.ActiveCfg = AppStore|iPhone
		{66FAA58C-C627-48B9-9B8E-337F931A1B5B}.AppStore|ARM.ActiveCfg = AppStore|iPhone
		{66FAA58C-C627-48B9-9B8E-337F931A1B5B}.AppStore|iPhone.ActiveCfg = AppStore|iPhone
		{66FAA58C-C627-48B9-9B8E-337F931A1B5B}.AppStore|iPhone.Build.0 = AppStore|iPhone
		{66FAA58C-C627-48B9-9B8E-337F931A1B5B}.AppStore|iPhoneSimulator.ActiveCfg = AppStore|iPhoneSimulator
		{66FAA58C-C627-48B9-9B8E-337F931A1B5B}.AppStore|iPhoneSimulator.Build.0 = AppStore|iPhoneSimulator
		{66FAA58C-C627-48B9-9B8E-337F931A1B5B}.AppStore|x64.ActiveCfg = AppStore|iPhone
		{66FAA58C-C627-48B9-9B8E-337F931A1B5B}.AppStore|x86.ActiveCfg = AppStore|iPhone
		{66FAA58C-C627-48B9-9B8E-337F931A1B5B}.Debug|Any CPU.ActiveCfg = Debug|iPhone
		{66FAA58C-C627-48B9-9B8E-337F931A1B5B}.Debug|ARM.ActiveCfg = Debug|iPhone
		{66FAA58C-C627-48B9-9B8E-337F931A1B5B}.Debug|iPhone.ActiveCfg = Debug|iPhone
		{66FAA58C-C627-48B9-9B8E-337F931A1B5B}.Debug|iPhone.Build.0 = Debug|iPhone
		{66FAA58C-C627-48B9-9B8E-337F931A1B5B}.Debug|iPhoneSimulator.ActiveCfg = Debug|iPhoneSimulator
		{66FAA58C-C627-48B9-9B8E-337F931A1B5B}.Debug|iPhoneSimulator.Build.0 = Debug|iPhoneSimulator
		{66FAA58C-C627-48B9-9B8E-337F931A1B5B}.Debug|x64.ActiveCfg = Debug|iPhone
		{66FAA58C-C627-48B9-9B8E-337F931A1B5B}.Debug|x86.ActiveCfg = Debug|iPhone
		{66FAA58C-C627-48B9-9B8E-337F931A1B5B}.Release|Any CPU.ActiveCfg = Release|iPhone
		{66FAA58C-C627-48B9-9B8E-337F931A1B5B}.Release|ARM.ActiveCfg = Release|iPhone
		{66FAA58C-C627-48B9-9B8E-337F931A1B5B}.Release|iPhone.ActiveCfg = Release|iPhone
		{66FAA58C-C627-48B9-9B8E-337F931A1B5B}.Release|iPhone.Build.0 = Release|iPhone
		{66FAA58C-C627-48B9-9B8E-337F931A1B5B}.Release|iPhoneSimulator.ActiveCfg = Release|iPhoneSimulator
		{66FAA58C-C627-48B9-9B8E-337F931A1B5B}.Release|iPhoneSimulator.Build.0 = Release|iPhoneSimulator
		{66FAA58C-C627-48B9-9B8E-337F931A1B5B}.Release|x64.ActiveCfg = Release|iPhone
		{66FAA58C-C627-48B9-9B8E-337F931A1B5B}.Release|x86.ActiveCfg = Release|iPhone
		{9732E08E-BCD5-4CB4-B0F0-9F9880F8401A}.Ad-Hoc|Any CPU.ActiveCfg = Release|Any CPU
		{9732E08E-BCD5-4CB4-B0F0-9F9880F8401A}.Ad-Hoc|Any CPU.Build.0 = Release|Any CPU
		{9732E08E-BCD5-4CB4-B0F0-9F9880F8401A}.Ad-Hoc|Any CPU.Deploy.0 = Release|Any CPU
		{9732E08E-BCD5-4CB4-B0F0-9F9880F8401A}.Ad-Hoc|ARM.ActiveCfg = Release|ARM
		{9732E08E-BCD5-4CB4-B0F0-9F9880F8401A}.Ad-Hoc|ARM.Build.0 = Release|ARM
		{9732E08E-BCD5-4CB4-B0F0-9F9880F8401A}.Ad-Hoc|ARM.Deploy.0 = Release|ARM
		{9732E08E-BCD5-4CB4-B0F0-9F9880F8401A}.Ad-Hoc|iPhone.ActiveCfg = Release|Any CPU
		{9732E08E-BCD5-4CB4-B0F0-9F9880F8401A}.Ad-Hoc|iPhone.Build.0 = Release|Any CPU
		{9732E08E-BCD5-4CB4-B0F0-9F9880F8401A}.Ad-Hoc|iPhone.Deploy.0 = Release|Any CPU
		{9732E08E-BCD5-4CB4-B0F0-9F9880F8401A}.Ad-Hoc|iPhoneSimulator.ActiveCfg = Release|Any CPU
		{9732E08E-BCD5-4CB4-B0F0-9F9880F8401A}.Ad-Hoc|iPhoneSimulator.Build.0 = Release|Any CPU
		{9732E08E-BCD5-4CB4-B0F0-9F9880F8401A}.Ad-Hoc|iPhoneSimulator.Deploy.0 = Release|Any CPU
		{9732E08E-BCD5-4CB4-B0F0-9F9880F8401A}.Ad-Hoc|x64.ActiveCfg = Release|Any CPU
		{9732E08E-BCD5-4CB4-B0F0-9F9880F8401A}.Ad-Hoc|x64.Build.0 = Release|Any CPU
		{9732E08E-BCD5-4CB4-B0F0-9F9880F8401A}.Ad-Hoc|x64.Deploy.0 = Release|Any CPU
		{9732E08E-BCD5-4CB4-B0F0-9F9880F8401A}.Ad-Hoc|x86.ActiveCfg = Release|x86
		{9732E08E-BCD5-4CB4-B0F0-9F9880F8401A}.Ad-Hoc|x86.Build.0 = Release|x86
		{9732E08E-BCD5-4CB4-B0F0-9F9880F8401A}.Ad-Hoc|x86.Deploy.0 = Release|x86
		{9732E08E-BCD5-4CB4-B0F0-9F9880F8401A}.AppStore|Any CPU.ActiveCfg = Release|Any CPU
		{9732E08E-BCD5-4CB4-B0F0-9F9880F8401A}.AppStore|Any CPU.Build.0 = Release|Any CPU
		{9732E08E-BCD5-4CB4-B0F0-9F9880F8401A}.AppStore|Any CPU.Deploy.0 = Release|Any CPU
		{9732E08E-BCD5-4CB4-B0F0-9F9880F8401A}.AppStore|ARM.ActiveCfg = Release|ARM
		{9732E08E-BCD5-4CB4-B0F0-9F9880F8401A}.AppStore|ARM.Build.0 = Release|ARM
		{9732E08E-BCD5-4CB4-B0F0-9F9880F8401A}.AppStore|ARM.Deploy.0 = Release|ARM
		{9732E08E-BCD5-4CB4-B0F0-9F9880F8401A}.AppStore|iPhone.ActiveCfg = Release|Any CPU
		{9732E08E-BCD5-4CB4-B0F0-9F9880F8401A}.AppStore|iPhone.Build.0 = Release|Any CPU
		{9732E08E-BCD5-4CB4-B0F0-9F9880F8401A}.AppStore|iPhone.Deploy.0 = Release|Any CPU
		{9732E08E-BCD5-4CB4-B0F0-9F9880F8401A}.AppStore|iPhoneSimulator.ActiveCfg = Release|Any CPU
		{9732E08E-BCD5-4CB4-B0F0-9F9880F8401A}.AppStore|iPhoneSimulator.Build.0 = Release|Any CPU
		{9732E08E-BCD5-4CB4-B0F0-9F9880F8401A}.AppStore|iPhoneSimulator.Deploy.0 = Release|Any CPU
		{9732E08E-BCD5-4CB4-B0F0-9F9880F8401A}.AppStore|x64.ActiveCfg = Release|Any CPU
		{9732E08E-BCD5-4CB4-B0F0-9F9880F8401A}.AppStore|x64.Build.0 = Release|Any CPU
		{9732E08E-BCD5-4CB4-B0F0-9F9880F8401A}.AppStore|x64.Deploy.0 = Release|Any CPU
		{9732E08E-BCD5-4CB4-B0F0-9F9880F8401A}.AppStore|x86.ActiveCfg = Release|x86
		{9732E08E-BCD5-4CB4-B0F0-9F9880F8401A}.AppStore|x86.Build.0 = Release|x86
		{9732E08E-BCD5-4CB4-B0F0-9F9880F8401A}.AppStore|x86.Deploy.0 = Release|x86
		{9732E08E-BCD5-4CB4-B0F0-9F9880F8401A}.Debug|Any CPU.ActiveCfg = Debug|Any CPU
		{9732E08E-BCD5-4CB4-B0F0-9F9880F8401A}.Debug|Any CPU.Build.0 = Debug|Any CPU
		{9732E08E-BCD5-4CB4-B0F0-9F9880F8401A}.Debug|Any CPU.Deploy.0 = Debug|Any CPU
		{9732E08E-BCD5-4CB4-B0F0-9F9880F8401A}.Debug|ARM.ActiveCfg = Debug|ARM
		{9732E08E-BCD5-4CB4-B0F0-9F9880F8401A}.Debug|ARM.Build.0 = Debug|ARM
		{9732E08E-BCD5-4CB4-B0F0-9F9880F8401A}.Debug|ARM.Deploy.0 = Debug|ARM
		{9732E08E-BCD5-4CB4-B0F0-9F9880F8401A}.Debug|iPhone.ActiveCfg = Debug|Any CPU
		{9732E08E-BCD5-4CB4-B0F0-9F9880F8401A}.Debug|iPhone.Build.0 = Debug|Any CPU
		{9732E08E-BCD5-4CB4-B0F0-9F9880F8401A}.Debug|iPhone.Deploy.0 = Debug|Any CPU
		{9732E08E-BCD5-4CB4-B0F0-9F9880F8401A}.Debug|iPhoneSimulator.ActiveCfg = Debug|Any CPU
		{9732E08E-BCD5-4CB4-B0F0-9F9880F8401A}.Debug|iPhoneSimulator.Build.0 = Debug|Any CPU
		{9732E08E-BCD5-4CB4-B0F0-9F9880F8401A}.Debug|iPhoneSimulator.Deploy.0 = Debug|Any CPU
		{9732E08E-BCD5-4CB4-B0F0-9F9880F8401A}.Debug|x64.ActiveCfg = Debug|Any CPU
		{9732E08E-BCD5-4CB4-B0F0-9F9880F8401A}.Debug|x64.Build.0 = Debug|Any CPU
		{9732E08E-BCD5-4CB4-B0F0-9F9880F8401A}.Debug|x64.Deploy.0 = Debug|Any CPU
		{9732E08E-BCD5-4CB4-B0F0-9F9880F8401A}.Debug|x86.ActiveCfg = Debug|x86
		{9732E08E-BCD5-4CB4-B0F0-9F9880F8401A}.Debug|x86.Build.0 = Debug|x86
		{9732E08E-BCD5-4CB4-B0F0-9F9880F8401A}.Debug|x86.Deploy.0 = Debug|x86
		{9732E08E-BCD5-4CB4-B0F0-9F9880F8401A}.Release|Any CPU.ActiveCfg = Release|Any CPU
		{9732E08E-BCD5-4CB4-B0F0-9F9880F8401A}.Release|Any CPU.Build.0 = Release|Any CPU
		{9732E08E-BCD5-4CB4-B0F0-9F9880F8401A}.Release|Any CPU.Deploy.0 = Release|Any CPU
		{9732E08E-BCD5-4CB4-B0F0-9F9880F8401A}.Release|ARM.ActiveCfg = Release|ARM
		{9732E08E-BCD5-4CB4-B0F0-9F9880F8401A}.Release|ARM.Build.0 = Release|ARM
		{9732E08E-BCD5-4CB4-B0F0-9F9880F8401A}.Release|ARM.Deploy.0 = Release|ARM
		{9732E08E-BCD5-4CB4-B0F0-9F9880F8401A}.Release|iPhone.ActiveCfg = Release|Any CPU
		{9732E08E-BCD5-4CB4-B0F0-9F9880F8401A}.Release|iPhone.Build.0 = Release|Any CPU
		{9732E08E-BCD5-4CB4-B0F0-9F9880F8401A}.Release|iPhone.Deploy.0 = Release|Any CPU
		{9732E08E-BCD5-4CB4-B0F0-9F9880F8401A}.Release|iPhoneSimulator.ActiveCfg = Release|Any CPU
		{9732E08E-BCD5-4CB4-B0F0-9F9880F8401A}.Release|iPhoneSimulator.Build.0 = Release|Any CPU
		{9732E08E-BCD5-4CB4-B0F0-9F9880F8401A}.Release|iPhoneSimulator.Deploy.0 = Release|Any CPU
		{9732E08E-BCD5-4CB4-B0F0-9F9880F8401A}.Release|x64.ActiveCfg = Release|Any CPU
		{9732E08E-BCD5-4CB4-B0F0-9F9880F8401A}.Release|x64.Build.0 = Release|Any CPU
		{9732E08E-BCD5-4CB4-B0F0-9F9880F8401A}.Release|x64.Deploy.0 = Release|Any CPU
		{9732E08E-BCD5-4CB4-B0F0-9F9880F8401A}.Release|x86.ActiveCfg = Release|x86
		{9732E08E-BCD5-4CB4-B0F0-9F9880F8401A}.Release|x86.Build.0 = Release|x86
		{9732E08E-BCD5-4CB4-B0F0-9F9880F8401A}.Release|x86.Deploy.0 = Release|x86
		{E5EB3060-383B-40CF-A2D3-0D0F54BDEE15}.Ad-Hoc|Any CPU.ActiveCfg = Release|Any CPU
		{E5EB3060-383B-40CF-A2D3-0D0F54BDEE15}.Ad-Hoc|Any CPU.Build.0 = Release|Any CPU
		{E5EB3060-383B-40CF-A2D3-0D0F54BDEE15}.Ad-Hoc|Any CPU.Deploy.0 = Release|Any CPU
		{E5EB3060-383B-40CF-A2D3-0D0F54BDEE15}.Ad-Hoc|ARM.ActiveCfg = Release|ARM
		{E5EB3060-383B-40CF-A2D3-0D0F54BDEE15}.Ad-Hoc|ARM.Build.0 = Release|ARM
		{E5EB3060-383B-40CF-A2D3-0D0F54BDEE15}.Ad-Hoc|ARM.Deploy.0 = Release|ARM
		{E5EB3060-383B-40CF-A2D3-0D0F54BDEE15}.Ad-Hoc|iPhone.ActiveCfg = Release|Any CPU
		{E5EB3060-383B-40CF-A2D3-0D0F54BDEE15}.Ad-Hoc|iPhone.Build.0 = Release|Any CPU
		{E5EB3060-383B-40CF-A2D3-0D0F54BDEE15}.Ad-Hoc|iPhone.Deploy.0 = Release|Any CPU
		{E5EB3060-383B-40CF-A2D3-0D0F54BDEE15}.Ad-Hoc|iPhoneSimulator.ActiveCfg = Release|Any CPU
		{E5EB3060-383B-40CF-A2D3-0D0F54BDEE15}.Ad-Hoc|iPhoneSimulator.Build.0 = Release|Any CPU
		{E5EB3060-383B-40CF-A2D3-0D0F54BDEE15}.Ad-Hoc|iPhoneSimulator.Deploy.0 = Release|Any CPU
		{E5EB3060-383B-40CF-A2D3-0D0F54BDEE15}.Ad-Hoc|x64.ActiveCfg = Release|x64
		{E5EB3060-383B-40CF-A2D3-0D0F54BDEE15}.Ad-Hoc|x64.Build.0 = Release|x64
		{E5EB3060-383B-40CF-A2D3-0D0F54BDEE15}.Ad-Hoc|x64.Deploy.0 = Release|x64
		{E5EB3060-383B-40CF-A2D3-0D0F54BDEE15}.Ad-Hoc|x86.ActiveCfg = Release|x86
		{E5EB3060-383B-40CF-A2D3-0D0F54BDEE15}.Ad-Hoc|x86.Build.0 = Release|x86
		{E5EB3060-383B-40CF-A2D3-0D0F54BDEE15}.Ad-Hoc|x86.Deploy.0 = Release|x86
		{E5EB3060-383B-40CF-A2D3-0D0F54BDEE15}.AppStore|Any CPU.ActiveCfg = Release|Any CPU
		{E5EB3060-383B-40CF-A2D3-0D0F54BDEE15}.AppStore|Any CPU.Build.0 = Release|Any CPU
		{E5EB3060-383B-40CF-A2D3-0D0F54BDEE15}.AppStore|Any CPU.Deploy.0 = Release|Any CPU
		{E5EB3060-383B-40CF-A2D3-0D0F54BDEE15}.AppStore|ARM.ActiveCfg = Release|ARM
		{E5EB3060-383B-40CF-A2D3-0D0F54BDEE15}.AppStore|ARM.Build.0 = Release|ARM
		{E5EB3060-383B-40CF-A2D3-0D0F54BDEE15}.AppStore|ARM.Deploy.0 = Release|ARM
		{E5EB3060-383B-40CF-A2D3-0D0F54BDEE15}.AppStore|iPhone.ActiveCfg = Release|Any CPU
		{E5EB3060-383B-40CF-A2D3-0D0F54BDEE15}.AppStore|iPhone.Build.0 = Release|Any CPU
		{E5EB3060-383B-40CF-A2D3-0D0F54BDEE15}.AppStore|iPhone.Deploy.0 = Release|Any CPU
		{E5EB3060-383B-40CF-A2D3-0D0F54BDEE15}.AppStore|iPhoneSimulator.ActiveCfg = Release|Any CPU
		{E5EB3060-383B-40CF-A2D3-0D0F54BDEE15}.AppStore|iPhoneSimulator.Build.0 = Release|Any CPU
		{E5EB3060-383B-40CF-A2D3-0D0F54BDEE15}.AppStore|iPhoneSimulator.Deploy.0 = Release|Any CPU
		{E5EB3060-383B-40CF-A2D3-0D0F54BDEE15}.AppStore|x64.ActiveCfg = Release|x64
		{E5EB3060-383B-40CF-A2D3-0D0F54BDEE15}.AppStore|x64.Build.0 = Release|x64
		{E5EB3060-383B-40CF-A2D3-0D0F54BDEE15}.AppStore|x64.Deploy.0 = Release|x64
		{E5EB3060-383B-40CF-A2D3-0D0F54BDEE15}.AppStore|x86.ActiveCfg = Release|x86
		{E5EB3060-383B-40CF-A2D3-0D0F54BDEE15}.AppStore|x86.Build.0 = Release|x86
		{E5EB3060-383B-40CF-A2D3-0D0F54BDEE15}.AppStore|x86.Deploy.0 = Release|x86
		{E5EB3060-383B-40CF-A2D3-0D0F54BDEE15}.Debug|Any CPU.ActiveCfg = Debug|Any CPU
		{E5EB3060-383B-40CF-A2D3-0D0F54BDEE15}.Debug|Any CPU.Build.0 = Debug|Any CPU
		{E5EB3060-383B-40CF-A2D3-0D0F54BDEE15}.Debug|Any CPU.Deploy.0 = Debug|Any CPU
		{E5EB3060-383B-40CF-A2D3-0D0F54BDEE15}.Debug|ARM.ActiveCfg = Debug|ARM
		{E5EB3060-383B-40CF-A2D3-0D0F54BDEE15}.Debug|ARM.Build.0 = Debug|ARM
		{E5EB3060-383B-40CF-A2D3-0D0F54BDEE15}.Debug|ARM.Deploy.0 = Debug|ARM
		{E5EB3060-383B-40CF-A2D3-0D0F54BDEE15}.Debug|iPhone.ActiveCfg = Debug|Any CPU
		{E5EB3060-383B-40CF-A2D3-0D0F54BDEE15}.Debug|iPhone.Build.0 = Debug|Any CPU
		{E5EB3060-383B-40CF-A2D3-0D0F54BDEE15}.Debug|iPhone.Deploy.0 = Debug|Any CPU
		{E5EB3060-383B-40CF-A2D3-0D0F54BDEE15}.Debug|iPhoneSimulator.ActiveCfg = Debug|Any CPU
		{E5EB3060-383B-40CF-A2D3-0D0F54BDEE15}.Debug|iPhoneSimulator.Build.0 = Debug|Any CPU
		{E5EB3060-383B-40CF-A2D3-0D0F54BDEE15}.Debug|iPhoneSimulator.Deploy.0 = Debug|Any CPU
		{E5EB3060-383B-40CF-A2D3-0D0F54BDEE15}.Debug|x64.ActiveCfg = Debug|x64
		{E5EB3060-383B-40CF-A2D3-0D0F54BDEE15}.Debug|x64.Build.0 = Debug|x64
		{E5EB3060-383B-40CF-A2D3-0D0F54BDEE15}.Debug|x64.Deploy.0 = Debug|x64
		{E5EB3060-383B-40CF-A2D3-0D0F54BDEE15}.Debug|x86.ActiveCfg = Debug|x86
		{E5EB3060-383B-40CF-A2D3-0D0F54BDEE15}.Debug|x86.Build.0 = Debug|x86
		{E5EB3060-383B-40CF-A2D3-0D0F54BDEE15}.Debug|x86.Deploy.0 = Debug|x86
		{E5EB3060-383B-40CF-A2D3-0D0F54BDEE15}.Release|Any CPU.ActiveCfg = Release|Any CPU
		{E5EB3060-383B-40CF-A2D3-0D0F54BDEE15}.Release|Any CPU.Build.0 = Release|Any CPU
		{E5EB3060-383B-40CF-A2D3-0D0F54BDEE15}.Release|Any CPU.Deploy.0 = Release|Any CPU
		{E5EB3060-383B-40CF-A2D3-0D0F54BDEE15}.Release|ARM.ActiveCfg = Release|ARM
		{E5EB3060-383B-40CF-A2D3-0D0F54BDEE15}.Release|ARM.Build.0 = Release|ARM
		{E5EB3060-383B-40CF-A2D3-0D0F54BDEE15}.Release|ARM.Deploy.0 = Release|ARM
		{E5EB3060-383B-40CF-A2D3-0D0F54BDEE15}.Release|iPhone.ActiveCfg = Release|Any CPU
		{E5EB3060-383B-40CF-A2D3-0D0F54BDEE15}.Release|iPhone.Build.0 = Release|Any CPU
		{E5EB3060-383B-40CF-A2D3-0D0F54BDEE15}.Release|iPhone.Deploy.0 = Release|Any CPU
		{E5EB3060-383B-40CF-A2D3-0D0F54BDEE15}.Release|iPhoneSimulator.ActiveCfg = Release|Any CPU
		{E5EB3060-383B-40CF-A2D3-0D0F54BDEE15}.Release|iPhoneSimulator.Build.0 = Release|Any CPU
		{E5EB3060-383B-40CF-A2D3-0D0F54BDEE15}.Release|iPhoneSimulator.Deploy.0 = Release|Any CPU
		{E5EB3060-383B-40CF-A2D3-0D0F54BDEE15}.Release|x64.ActiveCfg = Release|x64
		{E5EB3060-383B-40CF-A2D3-0D0F54BDEE15}.Release|x64.Build.0 = Release|x64
		{E5EB3060-383B-40CF-A2D3-0D0F54BDEE15}.Release|x64.Deploy.0 = Release|x64
		{E5EB3060-383B-40CF-A2D3-0D0F54BDEE15}.Release|x86.ActiveCfg = Release|x86
		{E5EB3060-383B-40CF-A2D3-0D0F54BDEE15}.Release|x86.Build.0 = Release|x86
		{E5EB3060-383B-40CF-A2D3-0D0F54BDEE15}.Release|x86.Deploy.0 = Release|x86
		{A46EF259-0D01-423E-BEF2-3D7DCC3BD0AF}.Ad-Hoc|Any CPU.ActiveCfg = Release|Any CPU
		{A46EF259-0D01-423E-BEF2-3D7DCC3BD0AF}.Ad-Hoc|Any CPU.Build.0 = Release|Any CPU
		{A46EF259-0D01-423E-BEF2-3D7DCC3BD0AF}.Ad-Hoc|ARM.ActiveCfg = Release|Any CPU
		{A46EF259-0D01-423E-BEF2-3D7DCC3BD0AF}.Ad-Hoc|ARM.Build.0 = Release|Any CPU
		{A46EF259-0D01-423E-BEF2-3D7DCC3BD0AF}.Ad-Hoc|iPhone.ActiveCfg = Release|Any CPU
		{A46EF259-0D01-423E-BEF2-3D7DCC3BD0AF}.Ad-Hoc|iPhone.Build.0 = Release|Any CPU
		{A46EF259-0D01-423E-BEF2-3D7DCC3BD0AF}.Ad-Hoc|iPhoneSimulator.ActiveCfg = Release|Any CPU
		{A46EF259-0D01-423E-BEF2-3D7DCC3BD0AF}.Ad-Hoc|iPhoneSimulator.Build.0 = Release|Any CPU
		{A46EF259-0D01-423E-BEF2-3D7DCC3BD0AF}.Ad-Hoc|x64.ActiveCfg = Release|Any CPU
		{A46EF259-0D01-423E-BEF2-3D7DCC3BD0AF}.Ad-Hoc|x64.Build.0 = Release|Any CPU
		{A46EF259-0D01-423E-BEF2-3D7DCC3BD0AF}.Ad-Hoc|x86.ActiveCfg = Release|Any CPU
		{A46EF259-0D01-423E-BEF2-3D7DCC3BD0AF}.Ad-Hoc|x86.Build.0 = Release|Any CPU
		{A46EF259-0D01-423E-BEF2-3D7DCC3BD0AF}.AppStore|Any CPU.ActiveCfg = Release|Any CPU
		{A46EF259-0D01-423E-BEF2-3D7DCC3BD0AF}.AppStore|Any CPU.Build.0 = Release|Any CPU
		{A46EF259-0D01-423E-BEF2-3D7DCC3BD0AF}.AppStore|ARM.ActiveCfg = Release|Any CPU
		{A46EF259-0D01-423E-BEF2-3D7DCC3BD0AF}.AppStore|ARM.Build.0 = Release|Any CPU
		{A46EF259-0D01-423E-BEF2-3D7DCC3BD0AF}.AppStore|iPhone.ActiveCfg = Release|Any CPU
		{A46EF259-0D01-423E-BEF2-3D7DCC3BD0AF}.AppStore|iPhone.Build.0 = Release|Any CPU
		{A46EF259-0D01-423E-BEF2-3D7DCC3BD0AF}.AppStore|iPhoneSimulator.ActiveCfg = Release|Any CPU
		{A46EF259-0D01-423E-BEF2-3D7DCC3BD0AF}.AppStore|iPhoneSimulator.Build.0 = Release|Any CPU
		{A46EF259-0D01-423E-BEF2-3D7DCC3BD0AF}.AppStore|x64.ActiveCfg = Release|Any CPU
		{A46EF259-0D01-423E-BEF2-3D7DCC3BD0AF}.AppStore|x64.Build.0 = Release|Any CPU
		{A46EF259-0D01-423E-BEF2-3D7DCC3BD0AF}.AppStore|x86.ActiveCfg = Release|Any CPU
		{A46EF259-0D01-423E-BEF2-3D7DCC3BD0AF}.AppStore|x86.Build.0 = Release|Any CPU
		{A46EF259-0D01-423E-BEF2-3D7DCC3BD0AF}.Debug|Any CPU.ActiveCfg = Debug|Any CPU
		{A46EF259-0D01-423E-BEF2-3D7DCC3BD0AF}.Debug|Any CPU.Build.0 = Debug|Any CPU
		{A46EF259-0D01-423E-BEF2-3D7DCC3BD0AF}.Debug|ARM.ActiveCfg = Debug|Any CPU
		{A46EF259-0D01-423E-BEF2-3D7DCC3BD0AF}.Debug|ARM.Build.0 = Debug|Any CPU
		{A46EF259-0D01-423E-BEF2-3D7DCC3BD0AF}.Debug|iPhone.ActiveCfg = Debug|Any CPU
		{A46EF259-0D01-423E-BEF2-3D7DCC3BD0AF}.Debug|iPhone.Build.0 = Debug|Any CPU
		{A46EF259-0D01-423E-BEF2-3D7DCC3BD0AF}.Debug|iPhoneSimulator.ActiveCfg = Debug|Any CPU
		{A46EF259-0D01-423E-BEF2-3D7DCC3BD0AF}.Debug|iPhoneSimulator.Build.0 = Debug|Any CPU
		{A46EF259-0D01-423E-BEF2-3D7DCC3BD0AF}.Debug|x64.ActiveCfg = Debug|Any CPU
		{A46EF259-0D01-423E-BEF2-3D7DCC3BD0AF}.Debug|x64.Build.0 = Debug|Any CPU
		{A46EF259-0D01-423E-BEF2-3D7DCC3BD0AF}.Debug|x86.ActiveCfg = Debug|Any CPU
		{A46EF259-0D01-423E-BEF2-3D7DCC3BD0AF}.Debug|x86.Build.0 = Debug|Any CPU
		{A46EF259-0D01-423E-BEF2-3D7DCC3BD0AF}.Release|Any CPU.ActiveCfg = Release|Any CPU
		{A46EF259-0D01-423E-BEF2-3D7DCC3BD0AF}.Release|Any CPU.Build.0 = Release|Any CPU
		{A46EF259-0D01-423E-BEF2-3D7DCC3BD0AF}.Release|ARM.ActiveCfg = Release|Any CPU
		{A46EF259-0D01-423E-BEF2-3D7DCC3BD0AF}.Release|ARM.Build.0 = Release|Any CPU
		{A46EF259-0D01-423E-BEF2-3D7DCC3BD0AF}.Release|iPhone.ActiveCfg = Release|Any CPU
		{A46EF259-0D01-423E-BEF2-3D7DCC3BD0AF}.Release|iPhone.Build.0 = Release|Any CPU
		{A46EF259-0D01-423E-BEF2-3D7DCC3BD0AF}.Release|iPhoneSimulator.ActiveCfg = Release|Any CPU
		{A46EF259-0D01-423E-BEF2-3D7DCC3BD0AF}.Release|iPhoneSimulator.Build.0 = Release|Any CPU
		{A46EF259-0D01-423E-BEF2-3D7DCC3BD0AF}.Release|x64.ActiveCfg = Release|Any CPU
		{A46EF259-0D01-423E-BEF2-3D7DCC3BD0AF}.Release|x64.Build.0 = Release|Any CPU
		{A46EF259-0D01-423E-BEF2-3D7DCC3BD0AF}.Release|x86.ActiveCfg = Release|Any CPU
		{A46EF259-0D01-423E-BEF2-3D7DCC3BD0AF}.Release|x86.Build.0 = Release|Any CPU
		{E50719A4-A95B-4D7A-9715-7E84FF63E394}.Ad-Hoc|Any CPU.ActiveCfg = Release|Any CPU
		{E50719A4-A95B-4D7A-9715-7E84FF63E394}.Ad-Hoc|Any CPU.Build.0 = Release|Any CPU
		{E50719A4-A95B-4D7A-9715-7E84FF63E394}.Ad-Hoc|ARM.ActiveCfg = Release|Any CPU
		{E50719A4-A95B-4D7A-9715-7E84FF63E394}.Ad-Hoc|ARM.Build.0 = Release|Any CPU
		{E50719A4-A95B-4D7A-9715-7E84FF63E394}.Ad-Hoc|iPhone.ActiveCfg = Release|Any CPU
		{E50719A4-A95B-4D7A-9715-7E84FF63E394}.Ad-Hoc|iPhone.Build.0 = Release|Any CPU
		{E50719A4-A95B-4D7A-9715-7E84FF63E394}.Ad-Hoc|iPhoneSimulator.ActiveCfg = Release|Any CPU
		{E50719A4-A95B-4D7A-9715-7E84FF63E394}.Ad-Hoc|iPhoneSimulator.Build.0 = Release|Any CPU
		{E50719A4-A95B-4D7A-9715-7E84FF63E394}.Ad-Hoc|x64.ActiveCfg = Release|Any CPU
		{E50719A4-A95B-4D7A-9715-7E84FF63E394}.Ad-Hoc|x64.Build.0 = Release|Any CPU
		{E50719A4-A95B-4D7A-9715-7E84FF63E394}.Ad-Hoc|x86.ActiveCfg = Release|Any CPU
		{E50719A4-A95B-4D7A-9715-7E84FF63E394}.Ad-Hoc|x86.Build.0 = Release|Any CPU
		{E50719A4-A95B-4D7A-9715-7E84FF63E394}.AppStore|Any CPU.ActiveCfg = Release|Any CPU
		{E50719A4-A95B-4D7A-9715-7E84FF63E394}.AppStore|Any CPU.Build.0 = Release|Any CPU
		{E50719A4-A95B-4D7A-9715-7E84FF63E394}.AppStore|ARM.ActiveCfg = Release|Any CPU
		{E50719A4-A95B-4D7A-9715-7E84FF63E394}.AppStore|ARM.Build.0 = Release|Any CPU
		{E50719A4-A95B-4D7A-9715-7E84FF63E394}.AppStore|iPhone.ActiveCfg = Release|Any CPU
		{E50719A4-A95B-4D7A-9715-7E84FF63E394}.AppStore|iPhone.Build.0 = Release|Any CPU
		{E50719A4-A95B-4D7A-9715-7E84FF63E394}.AppStore|iPhoneSimulator.ActiveCfg = Release|Any CPU
		{E50719A4-A95B-4D7A-9715-7E84FF63E394}.AppStore|iPhoneSimulator.Build.0 = Release|Any CPU
		{E50719A4-A95B-4D7A-9715-7E84FF63E394}.AppStore|x64.ActiveCfg = Release|Any CPU
		{E50719A4-A95B-4D7A-9715-7E84FF63E394}.AppStore|x64.Build.0 = Release|Any CPU
		{E50719A4-A95B-4D7A-9715-7E84FF63E394}.AppStore|x86.ActiveCfg = Release|Any CPU
		{E50719A4-A95B-4D7A-9715-7E84FF63E394}.AppStore|x86.Build.0 = Release|Any CPU
		{E50719A4-A95B-4D7A-9715-7E84FF63E394}.Debug|Any CPU.ActiveCfg = Debug|Any CPU
		{E50719A4-A95B-4D7A-9715-7E84FF63E394}.Debug|Any CPU.Build.0 = Debug|Any CPU
		{E50719A4-A95B-4D7A-9715-7E84FF63E394}.Debug|ARM.ActiveCfg = Debug|Any CPU
		{E50719A4-A95B-4D7A-9715-7E84FF63E394}.Debug|ARM.Build.0 = Debug|Any CPU
		{E50719A4-A95B-4D7A-9715-7E84FF63E394}.Debug|iPhone.ActiveCfg = Debug|Any CPU
		{E50719A4-A95B-4D7A-9715-7E84FF63E394}.Debug|iPhone.Build.0 = Debug|Any CPU
		{E50719A4-A95B-4D7A-9715-7E84FF63E394}.Debug|iPhoneSimulator.ActiveCfg = Debug|Any CPU
		{E50719A4-A95B-4D7A-9715-7E84FF63E394}.Debug|iPhoneSimulator.Build.0 = Debug|Any CPU
		{E50719A4-A95B-4D7A-9715-7E84FF63E394}.Debug|x64.ActiveCfg = Debug|Any CPU
		{E50719A4-A95B-4D7A-9715-7E84FF63E394}.Debug|x64.Build.0 = Debug|Any CPU
		{E50719A4-A95B-4D7A-9715-7E84FF63E394}.Debug|x86.ActiveCfg = Debug|Any CPU
		{E50719A4-A95B-4D7A-9715-7E84FF63E394}.Debug|x86.Build.0 = Debug|Any CPU
		{E50719A4-A95B-4D7A-9715-7E84FF63E394}.Release|Any CPU.ActiveCfg = Release|Any CPU
		{E50719A4-A95B-4D7A-9715-7E84FF63E394}.Release|Any CPU.Build.0 = Release|Any CPU
		{E50719A4-A95B-4D7A-9715-7E84FF63E394}.Release|ARM.ActiveCfg = Release|Any CPU
		{E50719A4-A95B-4D7A-9715-7E84FF63E394}.Release|ARM.Build.0 = Release|Any CPU
		{E50719A4-A95B-4D7A-9715-7E84FF63E394}.Release|iPhone.ActiveCfg = Release|Any CPU
		{E50719A4-A95B-4D7A-9715-7E84FF63E394}.Release|iPhone.Build.0 = Release|Any CPU
		{E50719A4-A95B-4D7A-9715-7E84FF63E394}.Release|iPhoneSimulator.ActiveCfg = Release|Any CPU
		{E50719A4-A95B-4D7A-9715-7E84FF63E394}.Release|iPhoneSimulator.Build.0 = Release|Any CPU
		{E50719A4-A95B-4D7A-9715-7E84FF63E394}.Release|x64.ActiveCfg = Release|Any CPU
		{E50719A4-A95B-4D7A-9715-7E84FF63E394}.Release|x64.Build.0 = Release|Any CPU
		{E50719A4-A95B-4D7A-9715-7E84FF63E394}.Release|x86.ActiveCfg = Release|Any CPU
		{E50719A4-A95B-4D7A-9715-7E84FF63E394}.Release|x86.Build.0 = Release|Any CPU
	EndGlobalSection
	GlobalSection(SolutionProperties) = preSolution
		HideSolutionNode = FALSE
	EndGlobalSection
EndGlobal
